{
  "requires": true,
  "lockfileVersion": 1,
  "dependencies": {
    "lodash": {
      "version": "4.17.10",
      "resolved": "https://registry.npmjs.org/lodash/-/lodash-4.17.10.tgz",
      "integrity": "sha512-UejweD1pDoXu+AD825lWwp4ZGtSwgnpZxb3JDViD7StjQz+Nb/6l093lx4OQ0foGWNRoc19mWy7BzL+UAK2iVg==",
      "dev": true
    },
    "serverless-plugin-aws-alerts": {
      "version": "1.2.4",
      "resolved": "https://registry.npmjs.org/serverless-plugin-aws-alerts/-/serverless-plugin-aws-alerts-1.2.4.tgz",
      "integrity": "sha1-3wlYrPEoKYqgad044TSwEEw9L0Q=",
      "dev": true,
      "requires": {
        "lodash": "4.17.10"
      }
    }
  }
}
